// !$*UTF8*$!
{
	archiveVersion = 1;
	classes = {
	};
	objectVersion = 56;
	objects = {

/* Begin PBXBuildFile section */
		31B975BC2A53198600B1315B /* Realestate_AssesmentApp.swift in Sources */ = {isa = PBXBuildFile; fileRef = 31B975BB2A53198600B1315B /* Realestate_AssesmentApp.swift */; };
		31B975BE2A53198600B1315B /* ContentView.swift in Sources */ = {isa = PBXBuildFile; fileRef = 31B975BD2A53198600B1315B /* ContentView.swift */; };
		31B975C02A53198700B1315B /* Assets.xcassets in Resources */ = {isa = PBXBuildFile; fileRef = 31B975BF2A53198700B1315B /* Assets.xcassets */; };
		31B975C32A53198700B1315B /* Preview Assets.xcassets in Resources */ = {isa = PBXBuildFile; fileRef = 31B975C22A53198700B1315B /* Preview Assets.xcassets */; };
		31B975CA2A55F00B00B1315B /* Home.swift in Sources */ = {isa = PBXBuildFile; fileRef = 31B975C92A55F00B00B1315B /* Home.swift */; };
		31B975D82A55F22B00B1315B /* Colors.swift in Sources */ = {isa = PBXBuildFile; fileRef = 31B975D72A55F22B00B1315B /* Colors.swift */; };
		31B975DA2A55F2B600B1315B /* Strings.swift in Sources */ = {isa = PBXBuildFile; fileRef = 31B975D92A55F2B600B1315B /* Strings.swift */; };
		31B975DD2A56D62D00B1315B /* Localizable.strings in Resources */ = {isa = PBXBuildFile; fileRef = 31B975DF2A56D62D00B1315B /* Localizable.strings */; };
		31B975E22A576D7F00B1315B /* Landingpage.swift in Sources */ = {isa = PBXBuildFile; fileRef = 31B975E12A576D7F00B1315B /* Landingpage.swift */; };
		31B975E42A58986900B1315B /* DefaultButtonViewModifier.swift in Sources */ = {isa = PBXBuildFile; fileRef = 31B975E32A58986900B1315B /* DefaultButtonViewModifier.swift */; };
		31B975E62A589B6200B1315B /* PressableButtonStyle.swift in Sources */ = {isa = PBXBuildFile; fileRef = 31B975E52A589B6200B1315B /* PressableButtonStyle.swift */; };
		31B975E92A594FC100B1315B /* RealestateViewModel.swift in Sources */ = {isa = PBXBuildFile; fileRef = 31B975E82A594FC100B1315B /* RealestateViewModel.swift */; };
		31B975EB2A5950EA00B1315B /* OnBoardingViewModel.swift in Sources */ = {isa = PBXBuildFile; fileRef = 31B975EA2A5950EA00B1315B /* OnBoardingViewModel.swift */; };
		31B975ED2A5958F000B1315B /* OnBoardingContainerView.swift in Sources */ = {isa = PBXBuildFile; fileRef = 31B975EC2A5958F000B1315B /* OnBoardingContainerView.swift */; };
		31B975EF2A596AAC00B1315B /* OnBoardingContentView.swift in Sources */ = {isa = PBXBuildFile; fileRef = 31B975EE2A596AAC00B1315B /* OnBoardingContentView.swift */; };
		31B975F12A59D04E00B1315B /* Feature.swift in Sources */ = {isa = PBXBuildFile; fileRef = 31B975F02A59D04E00B1315B /* Feature.swift */; };
		31B975F32A5C9B8200B1315B /* Launch Screen.storyboard in Resources */ = {isa = PBXBuildFile; fileRef = 31B975F22A5C9B8200B1315B /* Launch Screen.storyboard */; };
		31D5386E2A5ED9400063ADB9 /* RealestateCell.swift in Sources */ = {isa = PBXBuildFile; fileRef = 31D5386D2A5ED9400063ADB9 /* RealestateCell.swift */; };
		31D538702A5EDB450063ADB9 /* RealestateDetail.swift in Sources */ = {isa = PBXBuildFile; fileRef = 31D5386F2A5EDB440063ADB9 /* RealestateDetail.swift */; };
		31D538722A5EDC640063ADB9 /* Realestate.swift in Sources */ = {isa = PBXBuildFile; fileRef = 31D538712A5EDC640063ADB9 /* Realestate.swift */; };
/* End PBXBuildFile section */

/* Begin PBXFileReference section */
		31B975B82A53198600B1315B /* Realestate_Assesment.app */ = {isa = PBXFileReference; explicitFileType = wrapper.application; includeInIndex = 0; path = Realestate_Assesment.app; sourceTree = BUILT_PRODUCTS_DIR; };
		31B975BB2A53198600B1315B /* Realestate_AssesmentApp.swift */ = {isa = PBXFileReference; lastKnownFileType = sourcecode.swift; path = Realestate_AssesmentApp.swift; sourceTree = "<group>"; };
		31B975BD2A53198600B1315B /* ContentView.swift */ = {isa = PBXFileReference; lastKnownFileType = sourcecode.swift; path = ContentView.swift; sourceTree = "<group>"; };
		31B975BF2A53198700B1315B /* Assets.xcassets */ = {isa = PBXFileReference; lastKnownFileType = folder.assetcatalog; path = Assets.xcassets; sourceTree = "<group>"; };
		31B975C22A53198700B1315B /* Preview Assets.xcassets */ = {isa = PBXFileReference; lastKnownFileType = folder.assetcatalog; path = "Preview Assets.xcassets"; sourceTree = "<group>"; };
		31B975C92A55F00B00B1315B /* Home.swift */ = {isa = PBXFileReference; lastKnownFileType = sourcecode.swift; path = Home.swift; sourceTree = "<group>"; };
		31B975D72A55F22B00B1315B /* Colors.swift */ = {isa = PBXFileReference; lastKnownFileType = sourcecode.swift; path = Colors.swift; sourceTree = "<group>"; };
		31B975D92A55F2B600B1315B /* Strings.swift */ = {isa = PBXFileReference; lastKnownFileType = sourcecode.swift; path = Strings.swift; sourceTree = "<group>"; };
		31B975DE2A56D62D00B1315B /* en */ = {isa = PBXFileReference; lastKnownFileType = text.plist.strings; name = en; path = en.lproj/Localizable.strings; sourceTree = "<group>"; };
		31B975E02A56D63100B1315B /* nl */ = {isa = PBXFileReference; lastKnownFileType = text.plist.strings; name = nl; path = nl.lproj/Localizable.strings; sourceTree = "<group>"; };
		31B975E12A576D7F00B1315B /* Landingpage.swift */ = {isa = PBXFileReference; lastKnownFileType = sourcecode.swift; path = Landingpage.swift; sourceTree = "<group>"; };
		31B975E32A58986900B1315B /* DefaultButtonViewModifier.swift */ = {isa = PBXFileReference; lastKnownFileType = sourcecode.swift; path = DefaultButtonViewModifier.swift; sourceTree = "<group>"; };
		31B975E52A589B6200B1315B /* PressableButtonStyle.swift */ = {isa = PBXFileReference; lastKnownFileType = sourcecode.swift; path = PressableButtonStyle.swift; sourceTree = "<group>"; };
		31B975E82A594FC100B1315B /* RealestateViewModel.swift */ = {isa = PBXFileReference; lastKnownFileType = sourcecode.swift; path = RealestateViewModel.swift; sourceTree = "<group>"; };
		31B975EA2A5950EA00B1315B /* OnBoardingViewModel.swift */ = {isa = PBXFileReference; lastKnownFileType = sourcecode.swift; path = OnBoardingViewModel.swift; sourceTree = "<group>"; };
		31B975EC2A5958F000B1315B /* OnBoardingContainerView.swift */ = {isa = PBXFileReference; lastKnownFileType = sourcecode.swift; path = OnBoardingContainerView.swift; sourceTree = "<group>"; };
		31B975EE2A596AAC00B1315B /* OnBoardingContentView.swift */ = {isa = PBXFileReference; lastKnownFileType = sourcecode.swift; path = OnBoardingContentView.swift; sourceTree = "<group>"; };
		31B975F02A59D04E00B1315B /* Feature.swift */ = {isa = PBXFileReference; lastKnownFileType = sourcecode.swift; path = Feature.swift; sourceTree = "<group>"; };
		31B975F22A5C9B8200B1315B /* Launch Screen.storyboard */ = {isa = PBXFileReference; lastKnownFileType = file.storyboard; path = "Launch Screen.storyboard"; sourceTree = "<group>"; };
		31D5386D2A5ED9400063ADB9 /* RealestateCell.swift */ = {isa = PBXFileReference; lastKnownFileType = sourcecode.swift; path = RealestateCell.swift; sourceTree = "<group>"; };
		31D5386F2A5EDB440063ADB9 /* RealestateDetail.swift */ = {isa = PBXFileReference; lastKnownFileType = sourcecode.swift; path = RealestateDetail.swift; sourceTree = "<group>"; };
		31D538712A5EDC640063ADB9 /* Realestate.swift */ = {isa = PBXFileReference; lastKnownFileType = sourcecode.swift; path = Realestate.swift; sourceTree = "<group>"; };
/* End PBXFileReference section */

/* Begin PBXFrameworksBuildPhase section */
		31B975B52A53198600B1315B /* Frameworks */ = {
			isa = PBXFrameworksBuildPhase;
			buildActionMask = 2147483647;
			files = (
			);
			runOnlyForDeploymentPostprocessing = 0;
		};
/* End PBXFrameworksBuildPhase section */

/* Begin PBXGroup section */
		31B975AF2A53198600B1315B = {
			isa = PBXGroup;
			children = (
				31B975BA2A53198600B1315B /* Realestate_Assesment */,
				31B975B92A53198600B1315B /* Products */,
			);
			sourceTree = "<group>";
		};
		31B975B92A53198600B1315B /* Products */ = {
			isa = PBXGroup;
			children = (
				31B975B82A53198600B1315B /* Realestate_Assesment.app */,
			);
			name = Products;
			sourceTree = "<group>";
		};
		31B975BA2A53198600B1315B /* Realestate_Assesment */ = {
			isa = PBXGroup;
			children = (
				31B975BB2A53198600B1315B /* Realestate_AssesmentApp.swift */,
				31B975BD2A53198600B1315B /* ContentView.swift */,
				31B975CB2A55F03400B1315B /* Assets */,
				31B975CC2A55F04600B1315B /* Components */,
				31B975CE2A55F07900B1315B /* Data */,
				31B975D12A55F0A000B1315B /* Managers */,
				31B975D22A55F0FF00B1315B /* Presentation */,
				31B975C12A53198700B1315B /* Preview Content */,
			);
			path = Realestate_Assesment;
			sourceTree = "<group>";
		};
		31B975C12A53198700B1315B /* Preview Content */ = {
			isa = PBXGroup;
			children = (
				31B975C22A53198700B1315B /* Preview Assets.xcassets */,
			);
			path = "Preview Content";
			sourceTree = "<group>";
		};
		31B975CB2A55F03400B1315B /* Assets */ = {
			isa = PBXGroup;
			children = (
				31B975BF2A53198700B1315B /* Assets.xcassets */,
				31B975D72A55F22B00B1315B /* Colors.swift */,
				31B975D92A55F2B600B1315B /* Strings.swift */,
				31B975DF2A56D62D00B1315B /* Localizable.strings */,
				31B975F22A5C9B8200B1315B /* Launch Screen.storyboard */,
			);
			path = Assets;
			sourceTree = "<group>";
		};
		31B975CC2A55F04600B1315B /* Components */ = {
			isa = PBXGroup;
			children = (
				31B975CD2A55F06300B1315B /* UI */,
			);
			path = Components;
			sourceTree = "<group>";
		};
		31B975CD2A55F06300B1315B /* UI */ = {
			isa = PBXGroup;
			children = (
				31B975E32A58986900B1315B /* DefaultButtonViewModifier.swift */,
				31B975E52A589B6200B1315B /* PressableButtonStyle.swift */,
			);
			path = UI;
			sourceTree = "<group>";
		};
		31B975CE2A55F07900B1315B /* Data */ = {
			isa = PBXGroup;
			children = (
				31B975CF2A55F08700B1315B /* Models */,
			);
			path = Data;
			sourceTree = "<group>";
		};
		31B975CF2A55F08700B1315B /* Models */ = {
			isa = PBXGroup;
			children = (
				31B975F02A59D04E00B1315B /* Feature.swift */,
				31D538712A5EDC640063ADB9 /* Realestate.swift */,
			);
			path = Models;
			sourceTree = "<group>";
		};
		31B975D12A55F0A000B1315B /* Managers */ = {
			isa = PBXGroup;
			children = (
			);
			path = Managers;
			sourceTree = "<group>";
		};
		31B975D22A55F0FF00B1315B /* Presentation */ = {
			isa = PBXGroup;
			children = (
				31B975D32A55F11B00B1315B /* UI */,
				31B975E72A594FA900B1315B /* Viewmodels */,
			);
			name = Presentation;
			path = Managers;
			sourceTree = "<group>";
		};
		31B975D32A55F11B00B1315B /* UI */ = {
			isa = PBXGroup;
			children = (
				31B975D52A55F13900B1315B /* Landingpage */,
				31B975D42A55F12000B1315B /* Realestate */,
				31B975D62A55F15600B1315B /* Location */,
				31B975C92A55F00B00B1315B /* Home.swift */,
			);
			path = UI;
			sourceTree = "<group>";
		};
		31B975D42A55F12000B1315B /* Realestate */ = {
			isa = PBXGroup;
			children = (
				31D5386D2A5ED9400063ADB9 /* RealestateCell.swift */,
				31D5386F2A5EDB440063ADB9 /* RealestateDetail.swift */,
			);
			path = Realestate;
			sourceTree = "<group>";
		};
		31B975D52A55F13900B1315B /* Landingpage */ = {
			isa = PBXGroup;
			children = (
				31B975E12A576D7F00B1315B /* Landingpage.swift */,
				31B975EC2A5958F000B1315B /* OnBoardingContainerView.swift */,
				31B975EE2A596AAC00B1315B /* OnBoardingContentView.swift */,
			);
			path = Landingpage;
			sourceTree = "<group>";
		};
		31B975D62A55F15600B1315B /* Location */ = {
			isa = PBXGroup;
			children = (
			);
			path = Location;
			sourceTree = "<group>";
		};
		31B975E72A594FA900B1315B /* Viewmodels */ = {
			isa = PBXGroup;
			children = (
				31B975E82A594FC100B1315B /* RealestateViewModel.swift */,
				31B975EA2A5950EA00B1315B /* OnBoardingViewModel.swift */,
			);
			path = Viewmodels;
			sourceTree = "<group>";
		};
/* End PBXGroup section */

/* Begin PBXNativeTarget section */
		31B975B72A53198600B1315B /* Realestate_Assesment */ = {
			isa = PBXNativeTarget;
			buildConfigurationList = 31B975C62A53198700B1315B /* Build configuration list for PBXNativeTarget "Realestate_Assesment" */;
			buildPhases = (
				31B975B42A53198600B1315B /* Sources */,
				31B975B52A53198600B1315B /* Frameworks */,
				31B975B62A53198600B1315B /* Resources */,
			);
			buildRules = (
			);
			dependencies = (
			);
			name = Realestate_Assesment;
			productName = Realestate_Assesment;
			productReference = 31B975B82A53198600B1315B /* Realestate_Assesment.app */;
			productType = "com.apple.product-type.application";
		};
/* End PBXNativeTarget section */

/* Begin PBXProject section */
		31B975B02A53198600B1315B /* Project object */ = {
			isa = PBXProject;
			attributes = {
				BuildIndependentTargetsInParallel = 1;
				LastSwiftUpdateCheck = 1430;
				LastUpgradeCheck = 1430;
				TargetAttributes = {
					31B975B72A53198600B1315B = {
						CreatedOnToolsVersion = 14.3.1;
					};
				};
			};
			buildConfigurationList = 31B975B32A53198600B1315B /* Build configuration list for PBXProject "Realestate_Assesment" */;
			compatibilityVersion = "Xcode 14.0";
			developmentRegion = en;
			hasScannedForEncodings = 0;
			knownRegions = (
				en,
				Base,
				nl,
			);
			mainGroup = 31B975AF2A53198600B1315B;
			productRefGroup = 31B975B92A53198600B1315B /* Products */;
			projectDirPath = "";
			projectRoot = "";
			targets = (
				31B975B72A53198600B1315B /* Realestate_Assesment */,
			);
		};
/* End PBXProject section */

/* Begin PBXResourcesBuildPhase section */
		31B975B62A53198600B1315B /* Resources */ = {
			isa = PBXResourcesBuildPhase;
			buildActionMask = 2147483647;
			files = (
				31B975C32A53198700B1315B /* Preview Assets.xcassets in Resources */,
				31B975DD2A56D62D00B1315B /* Localizable.strings in Resources */,
				31B975F32A5C9B8200B1315B /* Launch Screen.storyboard in Resources */,
				31B975C02A53198700B1315B /* Assets.xcassets in Resources */,
			);
			runOnlyForDeploymentPostprocessing = 0;
		};
/* End PBXResourcesBuildPhase section */

/* Begin PBXSourcesBuildPhase section */
		31B975B42A53198600B1315B /* Sources */ = {
			isa = PBXSourcesBuildPhase;
			buildActionMask = 2147483647;
			files = (
				31B975BE2A53198600B1315B /* ContentView.swift in Sources */,
				31B975D82A55F22B00B1315B /* Colors.swift in Sources */,
				31B975DA2A55F2B600B1315B /* Strings.swift in Sources */,
				31B975E62A589B6200B1315B /* PressableButtonStyle.swift in Sources */,
				31B975E42A58986900B1315B /* DefaultButtonViewModifier.swift in Sources */,
				31D538722A5EDC640063ADB9 /* Realestate.swift in Sources */,
				31B975E92A594FC100B1315B /* RealestateViewModel.swift in Sources */,
				31B975CA2A55F00B00B1315B /* Home.swift in Sources */,
				31B975EF2A596AAC00B1315B /* OnBoardingContentView.swift in Sources */,
				31B975EB2A5950EA00B1315B /* OnBoardingViewModel.swift in Sources */,
				31B975E22A576D7F00B1315B /* Landingpage.swift in Sources */,
				31B975BC2A53198600B1315B /* Realestate_AssesmentApp.swift in Sources */,
				31B975F12A59D04E00B1315B /* Feature.swift in Sources */,
				31B975ED2A5958F000B1315B /* OnBoardingContainerView.swift in Sources */,
				31D538702A5EDB450063ADB9 /* RealestateDetail.swift in Sources */,
				31D5386E2A5ED9400063ADB9 /* RealestateCell.swift in Sources */,
			);
			runOnlyForDeploymentPostprocessing = 0;
		};
/* End PBXSourcesBuildPhase section */

/* Begin PBXVariantGroup section */
		31B975DF2A56D62D00B1315B /* Localizable.strings */ = {
			isa = PBXVariantGroup;
			children = (
				31B975DE2A56D62D00B1315B /* en */,
				31B975E02A56D63100B1315B /* nl */,
			);
			name = Localizable.strings;
			sourceTree = "<group>";
		};
/* End PBXVariantGroup section */

/* Begin XCBuildConfiguration section */
		31B975C42A53198700B1315B /* Debug */ = {
			isa = XCBuildConfiguration;
			buildSettings = {
				ALWAYS_SEARCH_USER_PATHS = NO;
				CLANG_ANALYZER_NONNULL = YES;
				CLANG_ANALYZER_NUMBER_OBJECT_CONVERSION = YES_AGGRESSIVE;
				CLANG_CXX_LANGUAGE_STANDARD = "gnu++20";
				CLANG_ENABLE_MODULES = YES;
				CLANG_ENABLE_OBJC_ARC = YES;
				CLANG_ENABLE_OBJC_WEAK = YES;
				CLANG_WARN_BLOCK_CAPTURE_AUTORELEASING = YES;
				CLANG_WARN_BOOL_CONVERSION = YES;
				CLANG_WARN_COMMA = YES;
				CLANG_WARN_CONSTANT_CONVERSION = YES;
				CLANG_WARN_DEPRECATED_OBJC_IMPLEMENTATIONS = YES;
				CLANG_WARN_DIRECT_OBJC_ISA_USAGE = YES_ERROR;
				CLANG_WARN_DOCUMENTATION_COMMENTS = YES;
				CLANG_WARN_EMPTY_BODY = YES;
				CLANG_WARN_ENUM_CONVERSION = YES;
				CLANG_WARN_INFINITE_RECURSION = YES;
				CLANG_WARN_INT_CONVERSION = YES;
				CLANG_WARN_NON_LITERAL_NULL_CONVERSION = YES;
				CLANG_WARN_OBJC_IMPLICIT_RETAIN_SELF = YES;
				CLANG_WARN_OBJC_LITERAL_CONVERSION = YES;
				CLANG_WARN_OBJC_ROOT_CLASS = YES_ERROR;
				CLANG_WARN_QUOTED_INCLUDE_IN_FRAMEWORK_HEADER = YES;
				CLANG_WARN_RANGE_LOOP_ANALYSIS = YES;
				CLANG_WARN_STRICT_PROTOTYPES = YES;
				CLANG_WARN_SUSPICIOUS_MOVE = YES;
				CLANG_WARN_UNGUARDED_AVAILABILITY = YES_AGGRESSIVE;
				CLANG_WARN_UNREACHABLE_CODE = YES;
				CLANG_WARN__DUPLICATE_METHOD_MATCH = YES;
				COPY_PHASE_STRIP = NO;
				DEBUG_INFORMATION_FORMAT = dwarf;
				ENABLE_STRICT_OBJC_MSGSEND = YES;
				ENABLE_TESTABILITY = YES;
				GCC_C_LANGUAGE_STANDARD = gnu11;
				GCC_DYNAMIC_NO_PIC = NO;
				GCC_NO_COMMON_BLOCKS = YES;
				GCC_OPTIMIZATION_LEVEL = 0;
				GCC_PREPROCESSOR_DEFINITIONS = (
					"DEBUG=1",
					"$(inherited)",
				);
				GCC_WARN_64_TO_32_BIT_CONVERSION = YES;
				GCC_WARN_ABOUT_RETURN_TYPE = YES_ERROR;
				GCC_WARN_UNDECLARED_SELECTOR = YES;
				GCC_WARN_UNINITIALIZED_AUTOS = YES_AGGRESSIVE;
				GCC_WARN_UNUSED_FUNCTION = YES;
				GCC_WARN_UNUSED_VARIABLE = YES;
				IPHONEOS_DEPLOYMENT_TARGET = 16.4;
				MTL_ENABLE_DEBUG_INFO = INCLUDE_SOURCE;
				MTL_FAST_MATH = YES;
				ONLY_ACTIVE_ARCH = YES;
				SDKROOT = iphoneos;
				SWIFT_ACTIVE_COMPILATION_CONDITIONS = DEBUG;
				SWIFT_OPTIMIZATION_LEVEL = "-Onone";
			};
			name = Debug;
		};
		31B975C52A53198700B1315B /* Release */ = {
			isa = XCBuildConfiguration;
			buildSettings = {
				ALWAYS_SEARCH_USER_PATHS = NO;
				CLANG_ANALYZER_NONNULL = YES;
				CLANG_ANALYZER_NUMBER_OBJECT_CONVERSION = YES_AGGRESSIVE;
				CLANG_CXX_LANGUAGE_STANDARD = "gnu++20";
				CLANG_ENABLE_MODULES = YES;
				CLANG_ENABLE_OBJC_ARC = YES;
				CLANG_ENABLE_OBJC_WEAK = YES;
				CLANG_WARN_BLOCK_CAPTURE_AUTORELEASING = YES;
				CLANG_WARN_BOOL_CONVERSION = YES;
				CLANG_WARN_COMMA = YES;
				CLANG_WARN_CONSTANT_CONVERSION = YES;
				CLANG_WARN_DEPRECATED_OBJC_IMPLEMENTATIONS = YES;
				CLANG_WARN_DIRECT_OBJC_ISA_USAGE = YES_ERROR;
				CLANG_WARN_DOCUMENTATION_COMMENTS = YES;
				CLANG_WARN_EMPTY_BODY = YES;
				CLANG_WARN_ENUM_CONVERSION = YES;
				CLANG_WARN_INFINITE_RECURSION = YES;
				CLANG_WARN_INT_CONVERSION = YES;
				CLANG_WARN_NON_LITERAL_NULL_CONVERSION = YES;
				CLANG_WARN_OBJC_IMPLICIT_RETAIN_SELF = YES;
				CLANG_WARN_OBJC_LITERAL_CONVERSION = YES;
				CLANG_WARN_OBJC_ROOT_CLASS = YES_ERROR;
				CLANG_WARN_QUOTED_INCLUDE_IN_FRAMEWORK_HEADER = YES;
				CLANG_WARN_RANGE_LOOP_ANALYSIS = YES;
				CLANG_WARN_STRICT_PROTOTYPES = YES;
				CLANG_WARN_SUSPICIOUS_MOVE = YES;
				CLANG_WARN_UNGUARDED_AVAILABILITY = YES_AGGRESSIVE;
				CLANG_WARN_UNREACHABLE_CODE = YES;
				CLANG_WARN__DUPLICATE_METHOD_MATCH = YES;
				COPY_PHASE_STRIP = NO;
				DEBUG_INFORMATION_FORMAT = "dwarf-with-dsym";
				ENABLE_NS_ASSERTIONS = NO;
				ENABLE_STRICT_OBJC_MSGSEND = YES;
				GCC_C_LANGUAGE_STANDARD = gnu11;
				GCC_NO_COMMON_BLOCKS = YES;
				GCC_WARN_64_TO_32_BIT_CONVERSION = YES;
				GCC_WARN_ABOUT_RETURN_TYPE = YES_ERROR;
				GCC_WARN_UNDECLARED_SELECTOR = YES;
				GCC_WARN_UNINITIALIZED_AUTOS = YES_AGGRESSIVE;
				GCC_WARN_UNUSED_FUNCTION = YES;
				GCC_WARN_UNUSED_VARIABLE = YES;
				IPHONEOS_DEPLOYMENT_TARGET = 16.4;
				MTL_ENABLE_DEBUG_INFO = NO;
				MTL_FAST_MATH = YES;
				SDKROOT = iphoneos;
				SWIFT_COMPILATION_MODE = wholemodule;
				SWIFT_OPTIMIZATION_LEVEL = "-O";
				VALIDATE_PRODUCT = YES;
			};
			name = Release;
		};
		31B975C72A53198700B1315B /* Debug */ = {
			isa = XCBuildConfiguration;
			buildSettings = {
				ASSETCATALOG_COMPILER_APPICON_NAME = AppIcon;
				ASSETCATALOG_COMPILER_GLOBAL_ACCENT_COLOR_NAME = AccentColor;
				CODE_SIGN_STYLE = Automatic;
				CURRENT_PROJECT_VERSION = 1;
				DEVELOPMENT_ASSET_PATHS = "\"Realestate_Assesment/Preview Content\"";
				DEVELOPMENT_TEAM = AMQ6T3X92J;
				ENABLE_PREVIEWS = YES;
				GENERATE_INFOPLIST_FILE = YES;
				INFOPLIST_KEY_UIApplicationSceneManifest_Generation = YES;
				INFOPLIST_KEY_UIApplicationSupportsIndirectInputEvents = YES;
				INFOPLIST_KEY_UILaunchScreen_Generation = YES;
				INFOPLIST_KEY_UILaunchStoryboardName = "Launch Screen.storyboard";
				INFOPLIST_KEY_UISupportedInterfaceOrientations_iPad = "UIInterfaceOrientationPortrait UIInterfaceOrientationPortraitUpsideDown UIInterfaceOrientationLandscapeLeft UIInterfaceOrientationLandscapeRight";
				INFOPLIST_KEY_UISupportedInterfaceOrientations_iPhone = "UIInterfaceOrientationPortrait UIInterfaceOrientationLandscapeLeft UIInterfaceOrientationLandscapeRight";
				LD_RUNPATH_SEARCH_PATHS = (
					"$(inherited)",
					"@executable_path/Frameworks",
				);
				MARKETING_VERSION = 1.0;
				PRODUCT_BUNDLE_IDENTIFIER = "com.rhc0de.Realestate-Assesment";
				PRODUCT_NAME = "$(TARGET_NAME)";
				SWIFT_EMIT_LOC_STRINGS = YES;
				SWIFT_VERSION = 5.0;
				TARGETED_DEVICE_FAMILY = "1,2";
			};
			name = Debug;
		};
		31B975C82A53198700B1315B /* Release */ = {
			isa = XCBuildConfiguration;
			buildSettings = {
				ASSETCATALOG_COMPILER_APPICON_NAME = AppIcon;
				ASSETCATALOG_COMPILER_GLOBAL_ACCENT_COLOR_NAME = AccentColor;
				CODE_SIGN_STYLE = Automatic;
				CURRENT_PROJECT_VERSION = 1;
				DEVELOPMENT_ASSET_PATHS = "\"Realestate_Assesment/Preview Content\"";
				DEVELOPMENT_TEAM = AMQ6T3X92J;
				ENABLE_PREVIEWS = YES;
				GENERATE_INFOPLIST_FILE = YES;
				INFOPLIST_KEY_UIApplicationSceneManifest_Generation = YES;
				INFOPLIST_KEY_UIApplicationSupportsIndirectInputEvents = YES;
				INFOPLIST_KEY_UILaunchScreen_Generation = YES;
				INFOPLIST_KEY_UILaunchStoryboardName = "Launch Screen.storyboard";
				INFOPLIST_KEY_UISupportedInterfaceOrientations_iPad = "UIInterfaceOrientationPortrait UIInterfaceOrientationPortraitUpsideDown UIInterfaceOrientationLandscapeLeft UIInterfaceOrientationLandscapeRight";
				INFOPLIST_KEY_UISupportedInterfaceOrientations_iPhone = "UIInterfaceOrientationPortrait UIInterfaceOrientationLandscapeLeft UIInterfaceOrientationLandscapeRight";
				LD_RUNPATH_SEARCH_PATHS = (
					"$(inherited)",
					"@executable_path/Frameworks",
				);
				MARKETING_VERSION = 1.0;
				PRODUCT_BUNDLE_IDENTIFIER = "com.rhc0de.Realestate-Assesment";
				PRODUCT_NAME = "$(TARGET_NAME)";
				SWIFT_EMIT_LOC_STRINGS = YES;
				SWIFT_VERSION = 5.0;
				TARGETED_DEVICE_FAMILY = "1,2";
			};
			name = Release;
		};
/* End XCBuildConfiguration section */

/* Begin XCConfigurationList section */
		31B975B32A53198600B1315B /* Build configuration list for PBXProject "Realestate_Assesment" */ = {
			isa = XCConfigurationList;
			buildConfigurations = (
				31B975C42A53198700B1315B /* Debug */,
				31B975C52A53198700B1315B /* Release */,
			);
			defaultConfigurationIsVisible = 0;
			defaultConfigurationName = Release;
		};
		31B975C62A53198700B1315B /* Build configuration list for PBXNativeTarget "Realestate_Assesment" */ = {
			isa = XCConfigurationList;
			buildConfigurations = (
				31B975C72A53198700B1315B /* Debug */,
				31B975C82A53198700B1315B /* Release */,
			);
			defaultConfigurationIsVisible = 0;
			defaultConfigurationName = Release;
		};
/* End XCConfigurationList section */
	};
	rootObject = 31B975B02A53198600B1315B /* Project object */;
}
